{
  "lockfileVersion": 1,
  "configVersion": 0,
  "workspaces": {
    "": {
      "dependencies": {
        "embla-carousel-autoplay": "^8.6.0",
        "react-hook-form": "^7.76.0",
      },
    },
  },
  "packages": {
    "embla-carousel": ["embla-carousel@8.6.0", "", {}, "sha512-SjWyZBHJPbqxHOzckOfo8lHisEaJWmwd23XppYFYVh10bU66/Pn5tkVkbkCMZVdbUE5eTCI2nD8OyIP4Z+uwkA=="],

    "embla-carousel-autoplay": ["embla-carousel-autoplay@8.6.0", "", { "peerDependencies": { "embla-carousel": "8.6.0" } }, "sha512-OBu5G3nwaSXkZCo1A6LTaFMZ8EpkYbwIaH+bPqdBnDGQ2fh4+NbzjXjs2SktoPNKCtflfVMc75njaDHOYXcrsA=="],

    "react": ["react@19.2.6", "", {}, "sha512-sfWGGfavi0xr8Pg0sVsyHMAOziVYKgPLNrS7ig+ivMNb3wbCBw3KxtflsGBAwD3gYQlE/AEZsTLgToRrSCjb0Q=="],

    "react-hook-form": ["react-hook-form@7.76.0", "", { "peerDependencies": { "react": "^16.8.0 || ^17 || ^18 || ^19" } }, "sha512-eKtLGgFeSgkHqQD8J59AMZ9a4uD1D83iSIzt4YlTGD7liDen5rrjcUO1rVIGd9yC1gofryjtHbv+4ny4hkLWlw=="],
  }
}
